
Microsoft Visual Studio Solution File, Format Version 12.00
# Visual Studio Version 17
VisualStudioVersion = 17.3.32922.545
MinimumVisualStudioVersion = 10.0.40219.1
Project("{FAE04EC0-301F-11D3-BF4B-00C04F79EFBC}") = "Cab_Invoice_Generator", "Cab_Invoice_Generator\Cab_Invoice_Generator.csproj", "{405F9521-D5C3-4F57-B040-D5F7A03E2859}"
EndProject
Project("{FAE04EC0-301F-11D3-BF4B-00C04F79EFBC}") = "TestProject1", "TestProject1\TestProject1.csproj", "{F887566B-AE04-49AA-804B-F9F505949913}"
EndProject
Global
	GlobalSection(SolutionConfigurationPlatforms) = preSolution
		Debug|Any CPU = Debug|Any CPU
		Release|Any CPU = Release|Any CPU
	EndGlobalSection
	GlobalSection(ProjectConfigurationPlatforms) = postSolution
		{405F9521-D5C3-4F57-B040-D5F7A03E2859}.Debug|Any CPU.ActiveCfg = Debug|Any CPU
		{405F9521-D5C3-4F57-B040-D5F7A03E2859}.Debug|Any CPU.Build.0 = Debug|Any CPU
		{405F9521-D5C3-4F57-B040-D5F7A03E2859}.Release|Any CPU.ActiveCfg = Release|Any CPU
		{405F9521-D5C3-4F57-B040-D5F7A03E2859}.Release|Any CPU.Build.0 = Release|Any CPU
		{F887566B-AE04-49AA-804B-F9F505949913}.Debug|Any CPU.ActiveCfg = Debug|Any CPU
		{F887566B-AE04-49AA-804B-F9F505949913}.Debug|Any CPU.Build.0 = Debug|Any CPU
		{F887566B-AE04-49AA-804B-F9F505949913}.Release|Any CPU.ActiveCfg = Release|Any CPU
		{F887566B-AE04-49AA-804B-F9F505949913}.Release|Any CPU.Build.0 = Release|Any CPU
	EndGlobalSection
	GlobalSection(SolutionProperties) = preSolution
		HideSolutionNode = FALSE
	EndGlobalSection
	GlobalSection(ExtensibilityGlobals) = postSolution
		SolutionGuid = {187B64CD-8E1D-4119-A94D-E4519414E7B7}
	EndGlobalSection
EndGlobal
